
Microsoft Visual Studio Solution File, Format Version 12.00
# Visual Studio 15
VisualStudioVersion = 15.0.28307.438
MinimumVisualStudioVersion = 10.0.40219.1
Project("{FAE04EC0-301F-11D3-BF4B-00C04F79EFBC}") = "Calculator", "Calculator\Calculator.csproj", "{360509DB-F45C-48D2-A6B7-A32FA77D3D0C}"
EndProject
Global
	GlobalSection(SolutionConfigurationPlatforms) = preSolution
		Debug|Any CPU = Debug|Any CPU
		Release|Any CPU = Release|Any CPU
	EndGlobalSection
	GlobalSection(ProjectConfigurationPlatforms) = postSolution
		{360509DB-F45C-48D2-A6B7-A32FA77D3D0C}.Debug|Any CPU.ActiveCfg = Debug|Any CPU
		{360509DB-F45C-48D2-A6B7-A32FA77D3D0C}.Debug|Any CPU.Build.0 = Debug|Any CPU
		{360509DB-F45C-48D2-A6B7-A32FA77D3D0C}.Release|Any CPU.ActiveCfg = Release|Any CPU
		{360509DB-F45C-48D2-A6B7-A32FA77D3D0C}.Release|Any CPU.Build.0 = Release|Any CPU
	EndGlobalSection
	GlobalSection(SolutionProperties) = preSolution
		HideSolutionNode = FALSE
	EndGlobalSection
	GlobalSection(ExtensibilityGlobals) = postSolution
		SolutionGuid = {291F01F0-E3E0-4593-A7D5-FD59307224A8}
	EndGlobalSection
EndGlobal
